
Microsoft Visual Studio Solution File, Format Version 12.00
Project("{2150E333-8FDC-42A3-9474-1A3956D46DE8}") = "ApiConsume", "ApiConsume", "{EF37059D-A17F-471D-AAC2-ECA794AEE1EB}"
EndProject
Project("{FAE04EC0-301F-11D3-BF4B-00C04F79EFBC}") = "HotelProject.WebApi", "ApiConsume\HotelProject.WebApi\HotelProject.WebApi.csproj", "{956278CB-518F-443D-A950-ADC29D0FB0E0}"
EndProject
Project("{FAE04EC0-301F-11D3-BF4B-00C04F79EFBC}") = "HotelProject.Entitylayer", "ApiConsume\HotelProject.Entitylayer\HotelProject.Entitylayer.csproj", "{2EC97A22-9158-4B36-8909-82B08D6CBA1C}"
EndProject
Project("{FAE04EC0-301F-11D3-BF4B-00C04F79EFBC}") = "HotelProject.DataAccessLayer", "ApiConsume\HotelProject.DataAccessLayer\HotelProject.DataAccessLayer.csproj", "{04FC2608-1133-4459-A2F0-208A67AB6D73}"
EndProject
Project("{FAE04EC0-301F-11D3-BF4B-00C04F79EFBC}") = "HotelProject.BusinessLayer", "ApiConsume\HotelProject.BusinessLayer\HotelProject.BusinessLayer.csproj", "{FABD4BF1-C13E-418B-B31F-C54D330EB863}"
EndProject
Project("{FAE04EC0-301F-11D3-BF4B-00C04F79EFBC}") = "HotelProject.DtoLayer", "ApiConsume\HotelProject.DtoLayer\HotelProject.DtoLayer.csproj", "{F2DF3F77-2199-41A6-8B64-6BDF0823C6AE}"
EndProject
Project("{2150E333-8FDC-42A3-9474-1A3956D46DE8}") = "RapidApi", "RapidApi", "{3E7A6394-B873-435B-BA59-E95848C754A3}"
EndProject
Project("{FAE04EC0-301F-11D3-BF4B-00C04F79EFBC}") = "RapidApiConsume", "RapidApi\RapidApiConsume\RapidApiConsume.csproj", "{B54EBCF4-0D22-43C0-992C-0FA01F68CD80}"
EndProject
Project("{2150E333-8FDC-42A3-9474-1A3956D46DE8}") = "JwtProject", "JwtProject", "{DF450997-12FF-4729-8E3D-2EDA0829FE3E}"
EndProject
Project("{FAE04EC0-301F-11D3-BF4B-00C04F79EFBC}") = "WebApiJwt", "JwtProject\WebApiJwt\WebApiJwt.csproj", "{02B64FA7-6EF6-4443-8E06-53F021AE2FDF}"
EndProject
Global
	GlobalSection(SolutionConfigurationPlatforms) = preSolution
		Debug|Any CPU = Debug|Any CPU
		Release|Any CPU = Release|Any CPU
	EndGlobalSection
	GlobalSection(NestedProjects) = preSolution
		{956278CB-518F-443D-A950-ADC29D0FB0E0} = {EF37059D-A17F-471D-AAC2-ECA794AEE1EB}
		{2EC97A22-9158-4B36-8909-82B08D6CBA1C} = {EF37059D-A17F-471D-AAC2-ECA794AEE1EB}
		{04FC2608-1133-4459-A2F0-208A67AB6D73} = {EF37059D-A17F-471D-AAC2-ECA794AEE1EB}
		{FABD4BF1-C13E-418B-B31F-C54D330EB863} = {EF37059D-A17F-471D-AAC2-ECA794AEE1EB}
		{F2DF3F77-2199-41A6-8B64-6BDF0823C6AE} = {EF37059D-A17F-471D-AAC2-ECA794AEE1EB}
		{B54EBCF4-0D22-43C0-992C-0FA01F68CD80} = {3E7A6394-B873-435B-BA59-E95848C754A3}
		{02B64FA7-6EF6-4443-8E06-53F021AE2FDF} = {DF450997-12FF-4729-8E3D-2EDA0829FE3E}
	EndGlobalSection
	GlobalSection(ProjectConfigurationPlatforms) = postSolution
		{956278CB-518F-443D-A950-ADC29D0FB0E0}.Debug|Any CPU.ActiveCfg = Debug|Any CPU
		{956278CB-518F-443D-A950-ADC29D0FB0E0}.Debug|Any CPU.Build.0 = Debug|Any CPU
		{956278CB-518F-443D-A950-ADC29D0FB0E0}.Release|Any CPU.ActiveCfg = Release|Any CPU
		{956278CB-518F-443D-A950-ADC29D0FB0E0}.Release|Any CPU.Build.0 = Release|Any CPU
		{2EC97A22-9158-4B36-8909-82B08D6CBA1C}.Debug|Any CPU.ActiveCfg = Debug|Any CPU
		{2EC97A22-9158-4B36-8909-82B08D6CBA1C}.Debug|Any CPU.Build.0 = Debug|Any CPU
		{2EC97A22-9158-4B36-8909-82B08D6CBA1C}.Release|Any CPU.ActiveCfg = Release|Any CPU
		{2EC97A22-9158-4B36-8909-82B08D6CBA1C}.Release|Any CPU.Build.0 = Release|Any CPU
		{04FC2608-1133-4459-A2F0-208A67AB6D73}.Debug|Any CPU.ActiveCfg = Debug|Any CPU
		{04FC2608-1133-4459-A2F0-208A67AB6D73}.Debug|Any CPU.Build.0 = Debug|Any CPU
		{04FC2608-1133-4459-A2F0-208A67AB6D73}.Release|Any CPU.ActiveCfg = Release|Any CPU
		{04FC2608-1133-4459-A2F0-208A67AB6D73}.Release|Any CPU.Build.0 = Release|Any CPU
		{FABD4BF1-C13E-418B-B31F-C54D330EB863}.Debug|Any CPU.ActiveCfg = Debug|Any CPU
		{FABD4BF1-C13E-418B-B31F-C54D330EB863}.Debug|Any CPU.Build.0 = Debug|Any CPU
		{FABD4BF1-C13E-418B-B31F-C54D330EB863}.Release|Any CPU.ActiveCfg = Release|Any CPU
		{FABD4BF1-C13E-418B-B31F-C54D330EB863}.Release|Any CPU.Build.0 = Release|Any CPU
		{F2DF3F77-2199-41A6-8B64-6BDF0823C6AE}.Debug|Any CPU.ActiveCfg = Debug|Any CPU
		{F2DF3F77-2199-41A6-8B64-6BDF0823C6AE}.Debug|Any CPU.Build.0 = Debug|Any CPU
		{F2DF3F77-2199-41A6-8B64-6BDF0823C6AE}.Release|Any CPU.ActiveCfg = Release|Any CPU
		{F2DF3F77-2199-41A6-8B64-6BDF0823C6AE}.Release|Any CPU.Build.0 = Release|Any CPU
		{B54EBCF4-0D22-43C0-992C-0FA01F68CD80}.Debug|Any CPU.ActiveCfg = Debug|Any CPU
		{B54EBCF4-0D22-43C0-992C-0FA01F68CD80}.Debug|Any CPU.Build.0 = Debug|Any CPU
		{B54EBCF4-0D22-43C0-992C-0FA01F68CD80}.Release|Any CPU.ActiveCfg = Release|Any CPU
		{B54EBCF4-0D22-43C0-992C-0FA01F68CD80}.Release|Any CPU.Build.0 = Release|Any CPU
		{02B64FA7-6EF6-4443-8E06-53F021AE2FDF}.Debug|Any CPU.ActiveCfg = Debug|Any CPU
		{02B64FA7-6EF6-4443-8E06-53F021AE2FDF}.Debug|Any CPU.Build.0 = Debug|Any CPU
		{02B64FA7-6EF6-4443-8E06-53F021AE2FDF}.Release|Any CPU.ActiveCfg = Release|Any CPU
		{02B64FA7-6EF6-4443-8E06-53F021AE2FDF}.Release|Any CPU.Build.0 = Release|Any CPU
	EndGlobalSection
EndGlobal
